
Microsoft Visual Studio Solution File, Format Version 12.00
# Visual Studio 15
VisualStudioVersion = 15.0.27130.0
MinimumVisualStudioVersion = 10.0.40219.1
Project("{FAE04EC0-301F-11D3-BF4B-00C04F79EFBC}") = "MyOrderFirst", "MyOrderFirst\MyOrderFirst.csproj", "{2C4FD4A4-F051-4A82-85B5-873194BA5CB6}"
EndProject
Global
	GlobalSection(SolutionConfigurationPlatforms) = preSolution
		Debug|Any CPU = Debug|Any CPU
		Release|Any CPU = Release|Any CPU
	EndGlobalSection
	GlobalSection(ProjectConfigurationPlatforms) = postSolution
		{2C4FD4A4-F051-4A82-85B5-873194BA5CB6}.Debug|Any CPU.ActiveCfg = Debug|Any CPU
		{2C4FD4A4-F051-4A82-85B5-873194BA5CB6}.Debug|Any CPU.Build.0 = Debug|Any CPU
		{2C4FD4A4-F051-4A82-85B5-873194BA5CB6}.Release|Any CPU.ActiveCfg = Release|Any CPU
		{2C4FD4A4-F051-4A82-85B5-873194BA5CB6}.Release|Any CPU.Build.0 = Release|Any CPU
	EndGlobalSection
	GlobalSection(SolutionProperties) = preSolution
		HideSolutionNode = FALSE
	EndGlobalSection
	GlobalSection(ExtensibilityGlobals) = postSolution
		SolutionGuid = {88108BD8-D9DF-4B53-B2C6-64A62D1ACA88}
	EndGlobalSection
EndGlobal
